Microsoft Visual Studio Solution File, Format Version 12.00
# Visual Studio Version 17
VisualStudioVersion = 17.5.2.0
MinimumVisualStudioVersion = 10.0.40219.1
Project("{2150E333-8FDC-42A3-9474-1A3956D46DE8}") = "ecommerce-web", "ecommerce-web", "{09A20E76-CC1D-32D7-4DB1-9BAE488D3295}"
EndProject
Project("{2150E333-8FDC-42A3-9474-1A3956D46DE8}") = "OrderManagement", "OrderManagement", "{50011CAA-613D-EDAD-2E00-1486B0A4ED42}"
EndProject
Project("{FAE04EC0-301F-11D3-BF4B-00C04F79EFBC}") = "OrderManagement.Models", "ecommerce-web\OrderManagement\OrderManagement.Models\OrderManagement.Models.csproj", "{00744C0D-D05A-8D6F-C97E-8E78A46C3765}"
EndProject
Project("{FAE04EC0-301F-11D3-BF4B-00C04F79EFBC}") = "OrderManagement.Repositories", "ecommerce-web\OrderManagement\OrderManagement.Repositories\OrderManagement.Repositories.csproj", "{501447C9-CE9D-139A-2834-ADBDE6D65E0C}"
EndProject
Project("{FAE04EC0-301F-11D3-BF4B-00C04F79EFBC}") = "OrderManagement.Services", "ecommerce-web\OrderManagement\OrderManagement.Services\OrderManagement.Services.csproj", "{8F86F5AB-16B3-CAD1-3BC6-2D6651B9E695}"
EndProject
Project("{FAE04EC0-301F-11D3-BF4B-00C04F79EFBC}") = "OrderManagement.WebApi", "ecommerce-web\OrderManagement\OrderManagement.WebApi\OrderManagement.WebApi.csproj", "{485AEECF-BFA5-EFDD-9720-116F6DAFFF9F}"
EndProject
Project("{2150E333-8FDC-42A3-9474-1A3956D46DE8}") = "ProductCatalog", "ProductCatalog", "{34E72A4F-2A19-F477-37F0-770057EB0A6C}"
EndProject
Project("{FAE04EC0-301F-11D3-BF4B-00C04F79EFBC}") = "ProductCatalog.Models", "ecommerce-web\ProductCatalog\ProductCatalog.Models\ProductCatalog.Models.csproj", "{7FB916E3-95D2-05ED-6631-DB722A316103}"
EndProject
Project("{FAE04EC0-301F-11D3-BF4B-00C04F79EFBC}") = "ProductCatalog.Repositories", "ecommerce-web\ProductCatalog\ProductCatalog.Repositories\ProductCatalog.Repositories.csproj", "{2503FF09-1F4D-940E-F323-845933D25974}"
EndProject
Project("{FAE04EC0-301F-11D3-BF4B-00C04F79EFBC}") = "ProductCatalog.Services", "ecommerce-web\ProductCatalog\ProductCatalog.Services\ProductCatalog.Services.csproj", "{BFF46490-A9A0-51A3-2D38-562A1D7E7846}"
EndProject
Project("{FAE04EC0-301F-11D3-BF4B-00C04F79EFBC}") = "ProductCatalog.WebApi", "ecommerce-web\ProductCatalog\ProductCatalog.WebApi\ProductCatalog.WebApi.csproj", "{0CEC0B4A-5B0F-F970-09CD-921CD52CE7DA}"
EndProject
Global
	GlobalSection(SolutionConfigurationPlatforms) = preSolution
		Debug|Any CPU = Debug|Any CPU
		Release|Any CPU = Release|Any CPU
	EndGlobalSection
	GlobalSection(ProjectConfigurationPlatforms) = postSolution
		{00744C0D-D05A-8D6F-C97E-8E78A46C3765}.Debug|Any CPU.ActiveCfg = Debug|Any CPU
		{00744C0D-D05A-8D6F-C97E-8E78A46C3765}.Debug|Any CPU.Build.0 = Debug|Any CPU
		{00744C0D-D05A-8D6F-C97E-8E78A46C3765}.Release|Any CPU.ActiveCfg = Release|Any CPU
		{00744C0D-D05A-8D6F-C97E-8E78A46C3765}.Release|Any CPU.Build.0 = Release|Any CPU
		{501447C9-CE9D-139A-2834-ADBDE6D65E0C}.Debug|Any CPU.ActiveCfg = Debug|Any CPU
		{501447C9-CE9D-139A-2834-ADBDE6D65E0C}.Debug|Any CPU.Build.0 = Debug|Any CPU
		{501447C9-CE9D-139A-2834-ADBDE6D65E0C}.Release|Any CPU.ActiveCfg = Release|Any CPU
		{501447C9-CE9D-139A-2834-ADBDE6D65E0C}.Release|Any CPU.Build.0 = Release|Any CPU
		{8F86F5AB-16B3-CAD1-3BC6-2D6651B9E695}.Debug|Any CPU.ActiveCfg = Debug|Any CPU
		{8F86F5AB-16B3-CAD1-3BC6-2D6651B9E695}.Debug|Any CPU.Build.0 = Debug|Any CPU
		{8F86F5AB-16B3-CAD1-3BC6-2D6651B9E695}.Release|Any CPU.ActiveCfg = Release|Any CPU
		{8F86F5AB-16B3-CAD1-3BC6-2D6651B9E695}.Release|Any CPU.Build.0 = Release|Any CPU
		{485AEECF-BFA5-EFDD-9720-116F6DAFFF9F}.Debug|Any CPU.ActiveCfg = Debug|Any CPU
		{485AEECF-BFA5-EFDD-9720-116F6DAFFF9F}.Debug|Any CPU.Build.0 = Debug|Any CPU
		{485AEECF-BFA5-EFDD-9720-116F6DAFFF9F}.Release|Any CPU.ActiveCfg = Release|Any CPU
		{485AEECF-BFA5-EFDD-9720-116F6DAFFF9F}.Release|Any CPU.Build.0 = Release|Any CPU
		{7FB916E3-95D2-05ED-6631-DB722A316103}.Debug|Any CPU.ActiveCfg = Debug|Any CPU
		{7FB916E3-95D2-05ED-6631-DB722A316103}.Debug|Any CPU.Build.0 = Debug|Any CPU
		{7FB916E3-95D2-05ED-6631-DB722A316103}.Release|Any CPU.ActiveCfg = Release|Any CPU
		{7FB916E3-95D2-05ED-6631-DB722A316103}.Release|Any CPU.Build.0 = Release|Any CPU
		{2503FF09-1F4D-940E-F323-845933D25974}.Debug|Any CPU.ActiveCfg = Debug|Any CPU
		{2503FF09-1F4D-940E-F323-845933D25974}.Debug|Any CPU.Build.0 = Debug|Any CPU
		{2503FF09-1F4D-940E-F323-845933D25974}.Release|Any CPU.ActiveCfg = Release|Any CPU
		{2503FF09-1F4D-940E-F323-845933D25974}.Release|Any CPU.Build.0 = Release|Any CPU
		{BFF46490-A9A0-51A3-2D38-562A1D7E7846}.Debug|Any CPU.ActiveCfg = Debug|Any CPU
		{BFF46490-A9A0-51A3-2D38-562A1D7E7846}.Debug|Any CPU.Build.0 = Debug|Any CPU
		{BFF46490-A9A0-51A3-2D38-562A1D7E7846}.Release|Any CPU.ActiveCfg = Release|Any CPU
		{BFF46490-A9A0-51A3-2D38-562A1D7E7846}.Release|Any CPU.Build.0 = Release|Any CPU
		{0CEC0B4A-5B0F-F970-09CD-921CD52CE7DA}.Debug|Any CPU.ActiveCfg = Debug|Any CPU
		{0CEC0B4A-5B0F-F970-09CD-921CD52CE7DA}.Debug|Any CPU.Build.0 = Debug|Any CPU
		{0CEC0B4A-5B0F-F970-09CD-921CD52CE7DA}.Release|Any CPU.ActiveCfg = Release|Any CPU
		{0CEC0B4A-5B0F-F970-09CD-921CD52CE7DA}.Release|Any CPU.Build.0 = Release|Any CPU
	EndGlobalSection
	GlobalSection(SolutionProperties) = preSolution
		HideSolutionNode = FALSE
	EndGlobalSection
	GlobalSection(NestedProjects) = preSolution
		{50011CAA-613D-EDAD-2E00-1486B0A4ED42} = {09A20E76-CC1D-32D7-4DB1-9BAE488D3295}
		{00744C0D-D05A-8D6F-C97E-8E78A46C3765} = {50011CAA-613D-EDAD-2E00-1486B0A4ED42}
		{501447C9-CE9D-139A-2834-ADBDE6D65E0C} = {50011CAA-613D-EDAD-2E00-1486B0A4ED42}
		{8F86F5AB-16B3-CAD1-3BC6-2D6651B9E695} = {50011CAA-613D-EDAD-2E00-1486B0A4ED42}
		{485AEECF-BFA5-EFDD-9720-116F6DAFFF9F} = {50011CAA-613D-EDAD-2E00-1486B0A4ED42}
		{34E72A4F-2A19-F477-37F0-770057EB0A6C} = {09A20E76-CC1D-32D7-4DB1-9BAE488D3295}
		{7FB916E3-95D2-05ED-6631-DB722A316103} = {34E72A4F-2A19-F477-37F0-770057EB0A6C}
		{2503FF09-1F4D-940E-F323-845933D25974} = {34E72A4F-2A19-F477-37F0-770057EB0A6C}
		{BFF46490-A9A0-51A3-2D38-562A1D7E7846} = {34E72A4F-2A19-F477-37F0-770057EB0A6C}
		{0CEC0B4A-5B0F-F970-09CD-921CD52CE7DA} = {34E72A4F-2A19-F477-37F0-770057EB0A6C}
	EndGlobalSection
	GlobalSection(ExtensibilityGlobals) = postSolution
		SolutionGuid = {1C17282B-56DC-4321-BB63-D0350D4A3F1E}
	EndGlobalSection
EndGlobal
