
Microsoft Visual Studio Solution File, Format Version 12.00
# Visual Studio Version 17
VisualStudioVersion = 17.5.2.0
MinimumVisualStudioVersion = 10.0.40219.1
Project("{FAE04EC0-301F-11D3-BF4B-00C04F79EFBC}") = "GatewayAPI", "GatewayAPI\GatewayAPI.csproj", "{8ACCA56B-F8B3-4B7F-B6FA-9A1A974B5607}"
EndProject
Project("{2150E333-8FDC-42A3-9474-1A3956D46DE8}") = "OrderManagement", "OrderManagement", "{7AF9A514-E928-92E6-C548-2E17D54B6EEE}"
EndProject
Project("{FAE04EC0-301F-11D3-BF4B-00C04F79EFBC}") = "OrderManagement.Models", "OrderManagement\OrderManagement.Models\OrderManagement.Models.csproj", "{3921F79E-717B-4673-A182-6883D3154FCE}"
EndProject
Project("{FAE04EC0-301F-11D3-BF4B-00C04F79EFBC}") = "OrderManagement.Repositories", "OrderManagement\OrderManagement.Repositories\OrderManagement.Repositories.csproj", "{C981ACA0-6DD3-4C0A-BB70-11776608B46C}"
EndProject
Project("{FAE04EC0-301F-11D3-BF4B-00C04F79EFBC}") = "OrderManagement.Services", "OrderManagement\OrderManagement.Services\OrderManagement.Services.csproj", "{C11EEEDC-2689-4F4B-9879-1CC263F4A260}"
EndProject
Project("{FAE04EC0-301F-11D3-BF4B-00C04F79EFBC}") = "OrderManagement.WebApi", "OrderManagement\OrderManagement.WebApi\OrderManagement.WebApi.csproj", "{18A2F67D-D703-440E-9B01-1CF192377EFA}"
EndProject
Project("{2150E333-8FDC-42A3-9474-1A3956D46DE8}") = "ProductCatalog", "ProductCatalog", "{F44678BE-F277-0AFA-E3DB-6B199E2839DC}"
EndProject
Project("{FAE04EC0-301F-11D3-BF4B-00C04F79EFBC}") = "ProductCatalog.Models", "ProductCatalog\ProductCatalog.Models\ProductCatalog.Models.csproj", "{B0B904ED-5E41-451F-813B-AC3038FABAFB}"
EndProject
Project("{FAE04EC0-301F-11D3-BF4B-00C04F79EFBC}") = "ProductCatalog.Repositories", "ProductCatalog\ProductCatalog.Repositories\ProductCatalog.Repositories.csproj", "{11898CC4-91E3-443C-B586-6FEA8FF01695}"
EndProject
Project("{FAE04EC0-301F-11D3-BF4B-00C04F79EFBC}") = "ProductCatalog.Services", "ProductCatalog\ProductCatalog.Services\ProductCatalog.Services.csproj", "{AC400563-1AA7-4902-BE28-ECFE3CA9682F}"
EndProject
Project("{FAE04EC0-301F-11D3-BF4B-00C04F79EFBC}") = "ProductCatalog.WebApi", "ProductCatalog\ProductCatalog.WebApi\ProductCatalog.WebApi.csproj", "{C692AD60-0230-498A-8384-DFAE9FD4FA91}"
EndProject
Global
	GlobalSection(SolutionConfigurationPlatforms) = preSolution
		Debug|Any CPU = Debug|Any CPU
		Debug|x64 = Debug|x64
		Debug|x86 = Debug|x86
		Release|Any CPU = Release|Any CPU
		Release|x64 = Release|x64
		Release|x86 = Release|x86
	EndGlobalSection
	GlobalSection(ProjectConfigurationPlatforms) = postSolution
		{8ACCA56B-F8B3-4B7F-B6FA-9A1A974B5607}.Debug|Any CPU.ActiveCfg = Debug|Any CPU
		{8ACCA56B-F8B3-4B7F-B6FA-9A1A974B5607}.Debug|Any CPU.Build.0 = Debug|Any CPU
		{8ACCA56B-F8B3-4B7F-B6FA-9A1A974B5607}.Debug|x64.ActiveCfg = Debug|Any CPU
		{8ACCA56B-F8B3-4B7F-B6FA-9A1A974B5607}.Debug|x64.Build.0 = Debug|Any CPU
		{8ACCA56B-F8B3-4B7F-B6FA-9A1A974B5607}.Debug|x86.ActiveCfg = Debug|Any CPU
		{8ACCA56B-F8B3-4B7F-B6FA-9A1A974B5607}.Debug|x86.Build.0 = Debug|Any CPU
		{8ACCA56B-F8B3-4B7F-B6FA-9A1A974B5607}.Release|Any CPU.ActiveCfg = Release|Any CPU
		{8ACCA56B-F8B3-4B7F-B6FA-9A1A974B5607}.Release|Any CPU.Build.0 = Release|Any CPU
		{8ACCA56B-F8B3-4B7F-B6FA-9A1A974B5607}.Release|x64.ActiveCfg = Release|Any CPU
		{8ACCA56B-F8B3-4B7F-B6FA-9A1A974B5607}.Release|x64.Build.0 = Release|Any CPU
		{8ACCA56B-F8B3-4B7F-B6FA-9A1A974B5607}.Release|x86.ActiveCfg = Release|Any CPU
		{8ACCA56B-F8B3-4B7F-B6FA-9A1A974B5607}.Release|x86.Build.0 = Release|Any CPU
		{3921F79E-717B-4673-A182-6883D3154FCE}.Debug|Any CPU.ActiveCfg = Debug|Any CPU
		{3921F79E-717B-4673-A182-6883D3154FCE}.Debug|Any CPU.Build.0 = Debug|Any CPU
		{3921F79E-717B-4673-A182-6883D3154FCE}.Debug|x64.ActiveCfg = Debug|Any CPU
		{3921F79E-717B-4673-A182-6883D3154FCE}.Debug|x64.Build.0 = Debug|Any CPU
		{3921F79E-717B-4673-A182-6883D3154FCE}.Debug|x86.ActiveCfg = Debug|Any CPU
		{3921F79E-717B-4673-A182-6883D3154FCE}.Debug|x86.Build.0 = Debug|Any CPU
		{3921F79E-717B-4673-A182-6883D3154FCE}.Release|Any CPU.ActiveCfg = Release|Any CPU
		{3921F79E-717B-4673-A182-6883D3154FCE}.Release|Any CPU.Build.0 = Release|Any CPU
		{3921F79E-717B-4673-A182-6883D3154FCE}.Release|x64.ActiveCfg = Release|Any CPU
		{3921F79E-717B-4673-A182-6883D3154FCE}.Release|x64.Build.0 = Release|Any CPU
		{3921F79E-717B-4673-A182-6883D3154FCE}.Release|x86.ActiveCfg = Release|Any CPU
		{3921F79E-717B-4673-A182-6883D3154FCE}.Release|x86.Build.0 = Release|Any CPU
		{C981ACA0-6DD3-4C0A-BB70-11776608B46C}.Debug|Any CPU.ActiveCfg = Debug|Any CPU
		{C981ACA0-6DD3-4C0A-BB70-11776608B46C}.Debug|Any CPU.Build.0 = Debug|Any CPU
		{C981ACA0-6DD3-4C0A-BB70-11776608B46C}.Debug|x64.ActiveCfg = Debug|Any CPU
		{C981ACA0-6DD3-4C0A-BB70-11776608B46C}.Debug|x64.Build.0 = Debug|Any CPU
		{C981ACA0-6DD3-4C0A-BB70-11776608B46C}.Debug|x86.ActiveCfg = Debug|Any CPU
		{C981ACA0-6DD3-4C0A-BB70-11776608B46C}.Debug|x86.Build.0 = Debug|Any CPU
		{C981ACA0-6DD3-4C0A-BB70-11776608B46C}.Release|Any CPU.ActiveCfg = Release|Any CPU
		{C981ACA0-6DD3-4C0A-BB70-11776608B46C}.Release|Any CPU.Build.0 = Release|Any CPU
		{C981ACA0-6DD3-4C0A-BB70-11776608B46C}.Release|x64.ActiveCfg = Release|Any CPU
		{C981ACA0-6DD3-4C0A-BB70-11776608B46C}.Release|x64.Build.0 = Release|Any CPU
		{C981ACA0-6DD3-4C0A-BB70-11776608B46C}.Release|x86.ActiveCfg = Release|Any CPU
		{C981ACA0-6DD3-4C0A-BB70-11776608B46C}.Release|x86.Build.0 = Release|Any CPU
		{C11EEEDC-2689-4F4B-9879-1CC263F4A260}.Debug|Any CPU.ActiveCfg = Debug|Any CPU
		{C11EEEDC-2689-4F4B-9879-1CC263F4A260}.Debug|Any CPU.Build.0 = Debug|Any CPU
		{C11EEEDC-2689-4F4B-9879-1CC263F4A260}.Debug|x64.ActiveCfg = Debug|Any CPU
		{C11EEEDC-2689-4F4B-9879-1CC263F4A260}.Debug|x64.Build.0 = Debug|Any CPU
		{C11EEEDC-2689-4F4B-9879-1CC263F4A260}.Debug|x86.ActiveCfg = Debug|Any CPU
		{C11EEEDC-2689-4F4B-9879-1CC263F4A260}.Debug|x86.Build.0 = Debug|Any CPU
		{C11EEEDC-2689-4F4B-9879-1CC263F4A260}.Release|Any CPU.ActiveCfg = Release|Any CPU
		{C11EEEDC-2689-4F4B-9879-1CC263F4A260}.Release|Any CPU.Build.0 = Release|Any CPU
		{C11EEEDC-2689-4F4B-9879-1CC263F4A260}.Release|x64.ActiveCfg = Release|Any CPU
		{C11EEEDC-2689-4F4B-9879-1CC263F4A260}.Release|x64.Build.0 = Release|Any CPU
		{C11EEEDC-2689-4F4B-9879-1CC263F4A260}.Release|x86.ActiveCfg = Release|Any CPU
		{C11EEEDC-2689-4F4B-9879-1CC263F4A260}.Release|x86.Build.0 = Release|Any CPU
		{18A2F67D-D703-440E-9B01-1CF192377EFA}.Debug|Any CPU.ActiveCfg = Debug|Any CPU
		{18A2F67D-D703-440E-9B01-1CF192377EFA}.Debug|Any CPU.Build.0 = Debug|Any CPU
		{18A2F67D-D703-440E-9B01-1CF192377EFA}.Debug|x64.ActiveCfg = Debug|Any CPU
		{18A2F67D-D703-440E-9B01-1CF192377EFA}.Debug|x64.Build.0 = Debug|Any CPU
		{18A2F67D-D703-440E-9B01-1CF192377EFA}.Debug|x86.ActiveCfg = Debug|Any CPU
		{18A2F67D-D703-440E-9B01-1CF192377EFA}.Debug|x86.Build.0 = Debug|Any CPU
		{18A2F67D-D703-440E-9B01-1CF192377EFA}.Release|Any CPU.ActiveCfg = Release|Any CPU
		{18A2F67D-D703-440E-9B01-1CF192377EFA}.Release|Any CPU.Build.0 = Release|Any CPU
		{18A2F67D-D703-440E-9B01-1CF192377EFA}.Release|x64.ActiveCfg = Release|Any CPU
		{18A2F67D-D703-440E-9B01-1CF192377EFA}.Release|x64.Build.0 = Release|Any CPU
		{18A2F67D-D703-440E-9B01-1CF192377EFA}.Release|x86.ActiveCfg = Release|Any CPU
		{18A2F67D-D703-440E-9B01-1CF192377EFA}.Release|x86.Build.0 = Release|Any CPU
		{B0B904ED-5E41-451F-813B-AC3038FABAFB}.Debug|Any CPU.ActiveCfg = Debug|Any CPU
		{B0B904ED-5E41-451F-813B-AC3038FABAFB}.Debug|Any CPU.Build.0 = Debug|Any CPU
		{B0B904ED-5E41-451F-813B-AC3038FABAFB}.Debug|x64.ActiveCfg = Debug|Any CPU
		{B0B904ED-5E41-451F-813B-AC3038FABAFB}.Debug|x64.Build.0 = Debug|Any CPU
		{B0B904ED-5E41-451F-813B-AC3038FABAFB}.Debug|x86.ActiveCfg = Debug|Any CPU
		{B0B904ED-5E41-451F-813B-AC3038FABAFB}.Debug|x86.Build.0 = Debug|Any CPU
		{B0B904ED-5E41-451F-813B-AC3038FABAFB}.Release|Any CPU.ActiveCfg = Release|Any CPU
		{B0B904ED-5E41-451F-813B-AC3038FABAFB}.Release|Any CPU.Build.0 = Release|Any CPU
		{B0B904ED-5E41-451F-813B-AC3038FABAFB}.Release|x64.ActiveCfg = Release|Any CPU
		{B0B904ED-5E41-451F-813B-AC3038FABAFB}.Release|x64.Build.0 = Release|Any CPU
		{B0B904ED-5E41-451F-813B-AC3038FABAFB}.Release|x86.ActiveCfg = Release|Any CPU
		{B0B904ED-5E41-451F-813B-AC3038FABAFB}.Release|x86.Build.0 = Release|Any CPU
		{11898CC4-91E3-443C-B586-6FEA8FF01695}.Debug|Any CPU.ActiveCfg = Debug|Any CPU
		{11898CC4-91E3-443C-B586-6FEA8FF01695}.Debug|Any CPU.Build.0 = Debug|Any CPU
		{11898CC4-91E3-443C-B586-6FEA8FF01695}.Debug|x64.ActiveCfg = Debug|Any CPU
		{11898CC4-91E3-443C-B586-6FEA8FF01695}.Debug|x64.Build.0 = Debug|Any CPU
		{11898CC4-91E3-443C-B586-6FEA8FF01695}.Debug|x86.ActiveCfg = Debug|Any CPU
		{11898CC4-91E3-443C-B586-6FEA8FF01695}.Debug|x86.Build.0 = Debug|Any CPU
		{11898CC4-91E3-443C-B586-6FEA8FF01695}.Release|Any CPU.ActiveCfg = Release|Any CPU
		{11898CC4-91E3-443C-B586-6FEA8FF01695}.Release|Any CPU.Build.0 = Release|Any CPU
		{11898CC4-91E3-443C-B586-6FEA8FF01695}.Release|x64.ActiveCfg = Release|Any CPU
		{11898CC4-91E3-443C-B586-6FEA8FF01695}.Release|x64.Build.0 = Release|Any CPU
		{11898CC4-91E3-443C-B586-6FEA8FF01695}.Release|x86.ActiveCfg = Release|Any CPU
		{11898CC4-91E3-443C-B586-6FEA8FF01695}.Release|x86.Build.0 = Release|Any CPU
		{AC400563-1AA7-4902-BE28-ECFE3CA9682F}.Debug|Any CPU.ActiveCfg = Debug|Any CPU
		{AC400563-1AA7-4902-BE28-ECFE3CA9682F}.Debug|Any CPU.Build.0 = Debug|Any CPU
		{AC400563-1AA7-4902-BE28-ECFE3CA9682F}.Debug|x64.ActiveCfg = Debug|Any CPU
		{AC400563-1AA7-4902-BE28-ECFE3CA9682F}.Debug|x64.Build.0 = Debug|Any CPU
		{AC400563-1AA7-4902-BE28-ECFE3CA9682F}.Debug|x86.ActiveCfg = Debug|Any CPU
		{AC400563-1AA7-4902-BE28-ECFE3CA9682F}.Debug|x86.Build.0 = Debug|Any CPU
		{AC400563-1AA7-4902-BE28-ECFE3CA9682F}.Release|Any CPU.ActiveCfg = Release|Any CPU
		{AC400563-1AA7-4902-BE28-ECFE3CA9682F}.Release|Any CPU.Build.0 = Release|Any CPU
		{AC400563-1AA7-4902-BE28-ECFE3CA9682F}.Release|x64.ActiveCfg = Release|Any CPU
		{AC400563-1AA7-4902-BE28-ECFE3CA9682F}.Release|x64.Build.0 = Release|Any CPU
		{AC400563-1AA7-4902-BE28-ECFE3CA9682F}.Release|x86.ActiveCfg = Release|Any CPU
		{AC400563-1AA7-4902-BE28-ECFE3CA9682F}.Release|x86.Build.0 = Release|Any CPU
		{C692AD60-0230-498A-8384-DFAE9FD4FA91}.Debug|Any CPU.ActiveCfg = Debug|Any CPU
		{C692AD60-0230-498A-8384-DFAE9FD4FA91}.Debug|Any CPU.Build.0 = Debug|Any CPU
		{C692AD60-0230-498A-8384-DFAE9FD4FA91}.Debug|x64.ActiveCfg = Debug|Any CPU
		{C692AD60-0230-498A-8384-DFAE9FD4FA91}.Debug|x64.Build.0 = Debug|Any CPU
		{C692AD60-0230-498A-8384-DFAE9FD4FA91}.Debug|x86.ActiveCfg = Debug|Any CPU
		{C692AD60-0230-498A-8384-DFAE9FD4FA91}.Debug|x86.Build.0 = Debug|Any CPU
		{C692AD60-0230-498A-8384-DFAE9FD4FA91}.Release|Any CPU.ActiveCfg = Release|Any CPU
		{C692AD60-0230-498A-8384-DFAE9FD4FA91}.Release|Any CPU.Build.0 = Release|Any CPU
		{C692AD60-0230-498A-8384-DFAE9FD4FA91}.Release|x64.ActiveCfg = Release|Any CPU
		{C692AD60-0230-498A-8384-DFAE9FD4FA91}.Release|x64.Build.0 = Release|Any CPU
		{C692AD60-0230-498A-8384-DFAE9FD4FA91}.Release|x86.ActiveCfg = Release|Any CPU
		{C692AD60-0230-498A-8384-DFAE9FD4FA91}.Release|x86.Build.0 = Release|Any CPU
	EndGlobalSection
	GlobalSection(SolutionProperties) = preSolution
		HideSolutionNode = FALSE
	EndGlobalSection
	GlobalSection(NestedProjects) = preSolution
		{3921F79E-717B-4673-A182-6883D3154FCE} = {7AF9A514-E928-92E6-C548-2E17D54B6EEE}
		{C981ACA0-6DD3-4C0A-BB70-11776608B46C} = {7AF9A514-E928-92E6-C548-2E17D54B6EEE}
		{C11EEEDC-2689-4F4B-9879-1CC263F4A260} = {7AF9A514-E928-92E6-C548-2E17D54B6EEE}
		{18A2F67D-D703-440E-9B01-1CF192377EFA} = {7AF9A514-E928-92E6-C548-2E17D54B6EEE}
		{B0B904ED-5E41-451F-813B-AC3038FABAFB} = {F44678BE-F277-0AFA-E3DB-6B199E2839DC}
		{11898CC4-91E3-443C-B586-6FEA8FF01695} = {F44678BE-F277-0AFA-E3DB-6B199E2839DC}
		{AC400563-1AA7-4902-BE28-ECFE3CA9682F} = {F44678BE-F277-0AFA-E3DB-6B199E2839DC}
		{C692AD60-0230-498A-8384-DFAE9FD4FA91} = {F44678BE-F277-0AFA-E3DB-6B199E2839DC}
	EndGlobalSection
	GlobalSection(ExtensibilityGlobals) = postSolution
		SolutionGuid = {1C17282B-56DC-4321-BB63-D0350D4A3F1E}
	EndGlobalSection
EndGlobal
